
Microsoft Visual Studio Solution File, Format Version 12.00
# Visual Studio Version 17
VisualStudioVersion = 17.6.33712.159
MinimumVisualStudioVersion = 10.0.40219.1
Project("{9A19103F-16F7-4668-BE54-9A1E7A4F7556}") = "Task1", "Task1\Task1.csproj", "{95EDA683-6B62-415A-90E8-DF5C7E1A0FC4}"
	ProjectSection(ProjectDependencies) = postProject
		{F1B980F6-BDC7-4447-8E35-70002E459B63} = {F1B980F6-BDC7-4447-8E35-70002E459B63}
	EndProjectSection
EndProject
Project("{9A19103F-16F7-4668-BE54-9A1E7A4F7556}") = "Common", "Common\Common.csproj", "{F1B980F6-BDC7-4447-8E35-70002E459B63}"
EndProject
Global
	GlobalSection(SolutionConfigurationPlatforms) = preSolution
		Debug|Any CPU = Debug|Any CPU
		Release|Any CPU = Release|Any CPU
	EndGlobalSection
	GlobalSection(ProjectConfigurationPlatforms) = postSolution
		{95EDA683-6B62-415A-90E8-DF5C7E1A0FC4}.Debug|Any CPU.ActiveCfg = Debug|Any CPU
		{95EDA683-6B62-415A-90E8-DF5C7E1A0FC4}.Debug|Any CPU.Build.0 = Debug|Any CPU
		{95EDA683-6B62-415A-90E8-DF5C7E1A0FC4}.Release|Any CPU.ActiveCfg = Release|Any CPU
		{95EDA683-6B62-415A-90E8-DF5C7E1A0FC4}.Release|Any CPU.Build.0 = Release|Any CPU
		{F1B980F6-BDC7-4447-8E35-70002E459B63}.Debug|Any CPU.ActiveCfg = Debug|Any CPU
		{F1B980F6-BDC7-4447-8E35-70002E459B63}.Debug|Any CPU.Build.0 = Debug|Any CPU
		{F1B980F6-BDC7-4447-8E35-70002E459B63}.Release|Any CPU.ActiveCfg = Release|Any CPU
		{F1B980F6-BDC7-4447-8E35-70002E459B63}.Release|Any CPU.Build.0 = Release|Any CPU
	EndGlobalSection
	GlobalSection(SolutionProperties) = preSolution
		HideSolutionNode = FALSE
	EndGlobalSection
	GlobalSection(ExtensibilityGlobals) = postSolution
		SolutionGuid = {0D796285-AE21-4DF3-8674-7DFBBE52D2AB}
	EndGlobalSection
EndGlobal
